
Microsoft Visual Studio Solution File, Format Version 12.00
# Visual Studio Version 17
VisualStudioVersion = 17.1.32210.238
MinimumVisualStudioVersion = 10.0.40219.1
Project("{2150E333-8FDC-42A3-9474-1A3956D46DE8}") = "Array", "Array", "{68CB51AC-6C23-4DC8-8397-8835F7BFDC19}"
EndProject
Project("{FAE04EC0-301F-11D3-BF4B-00C04F79EFBC}") = "1DArray", "Array\1DArray\1DArray.csproj", "{C5A799E8-01A5-490C-82A3-D37A93245DC2}"
EndProject
Project("{FAE04EC0-301F-11D3-BF4B-00C04F79EFBC}") = "2DArray", "Array\2DArray\2DArray.csproj", "{BB0A25C7-7E12-4FAE-9B63-BF2F4C025194}"
EndProject
Project("{2150E333-8FDC-42A3-9474-1A3956D46DE8}") = "BinaryTree", "BinaryTree", "{90BAB0DE-9589-42FD-AD3E-E0473555FA27}"
EndProject
Project("{2150E333-8FDC-42A3-9474-1A3956D46DE8}") = "Stack", "Stack", "{D47DFBE4-EFBC-4CA2-AAA9-CCCB4814A701}"
EndProject
Project("{2150E333-8FDC-42A3-9474-1A3956D46DE8}") = "Queue", "Queue", "{5CD5967D-B6D2-459C-8B13-4FA8D971E9F1}"
EndProject
Project("{2150E333-8FDC-42A3-9474-1A3956D46DE8}") = "LinkedList", "LinkedList", "{4E878192-CE71-4EBF-B733-479158D0C347}"
EndProject
Project("{FAE04EC0-301F-11D3-BF4B-00C04F79EFBC}") = "BinaryTreeUsingArray", "BinaryTree\BinaryTreeUsingArray\BinaryTreeUsingArray.csproj", "{FFAB487D-790C-4179-92F2-BF290530F039}"
EndProject
Project("{FAE04EC0-301F-11D3-BF4B-00C04F79EFBC}") = "CircularSinglyLinkedList", "LinkedList\CircularSinglyLinkedList\CircularSinglyLinkedList.csproj", "{F259A79E-0C50-48B4-A752-4C400D738341}"
EndProject
Project("{FAE04EC0-301F-11D3-BF4B-00C04F79EFBC}") = "SinglyLinkedList", "LinkedList\SinglyLinkedList\SinglyLinkedList.csproj", "{2AF3AACE-F759-45AE-BB34-8B29DF28A7FD}"
EndProject
Project("{FAE04EC0-301F-11D3-BF4B-00C04F79EFBC}") = "CircularQueueUsingArray", "Queue\CircularQueueUsingArray\CircularQueueUsingArray.csproj", "{E7F7AD68-402A-46C6-9F3E-4B0179553626}"
EndProject
Project("{FAE04EC0-301F-11D3-BF4B-00C04F79EFBC}") = "LinearQueueUsingArray", "Queue\LinearQueueUsingArray\LinearQueueUsingArray.csproj", "{EB5446BF-6DD0-45F5-9FA0-40BCCE6BB650}"
EndProject
Project("{FAE04EC0-301F-11D3-BF4B-00C04F79EFBC}") = "LinearQueueUsingLinkedList", "Queue\LinearQueueUsingLinkedList\LinearQueueUsingLinkedList.csproj", "{1956A774-410A-4698-8294-B433A715EF14}"
EndProject
Project("{FAE04EC0-301F-11D3-BF4B-00C04F79EFBC}") = "StackUsingArray", "Stack\StackUsingArray\StackUsingArray.csproj", "{C6D92A8B-5C79-4FA2-8946-C369347963D2}"
EndProject
Project("{FAE04EC0-301F-11D3-BF4B-00C04F79EFBC}") = "StackUsingLinkedList", "Stack\StackUsingLinkedList\StackUsingLinkedList.csproj", "{7463217F-AB9D-4A91-831A-C5651EBAB1B5}"
EndProject
Global
	GlobalSection(SolutionConfigurationPlatforms) = preSolution
		Debug|Any CPU = Debug|Any CPU
		Release|Any CPU = Release|Any CPU
	EndGlobalSection
	GlobalSection(ProjectConfigurationPlatforms) = postSolution
		{C5A799E8-01A5-490C-82A3-D37A93245DC2}.Debug|Any CPU.ActiveCfg = Debug|Any CPU
		{C5A799E8-01A5-490C-82A3-D37A93245DC2}.Debug|Any CPU.Build.0 = Debug|Any CPU
		{C5A799E8-01A5-490C-82A3-D37A93245DC2}.Release|Any CPU.ActiveCfg = Release|Any CPU
		{C5A799E8-01A5-490C-82A3-D37A93245DC2}.Release|Any CPU.Build.0 = Release|Any CPU
		{BB0A25C7-7E12-4FAE-9B63-BF2F4C025194}.Debug|Any CPU.ActiveCfg = Debug|Any CPU
		{BB0A25C7-7E12-4FAE-9B63-BF2F4C025194}.Debug|Any CPU.Build.0 = Debug|Any CPU
		{BB0A25C7-7E12-4FAE-9B63-BF2F4C025194}.Release|Any CPU.ActiveCfg = Release|Any CPU
		{BB0A25C7-7E12-4FAE-9B63-BF2F4C025194}.Release|Any CPU.Build.0 = Release|Any CPU
		{FFAB487D-790C-4179-92F2-BF290530F039}.Debug|Any CPU.ActiveCfg = Debug|Any CPU
		{FFAB487D-790C-4179-92F2-BF290530F039}.Debug|Any CPU.Build.0 = Debug|Any CPU
		{FFAB487D-790C-4179-92F2-BF290530F039}.Release|Any CPU.ActiveCfg = Release|Any CPU
		{FFAB487D-790C-4179-92F2-BF290530F039}.Release|Any CPU.Build.0 = Release|Any CPU
		{F259A79E-0C50-48B4-A752-4C400D738341}.Debug|Any CPU.ActiveCfg = Debug|Any CPU
		{F259A79E-0C50-48B4-A752-4C400D738341}.Debug|Any CPU.Build.0 = Debug|Any CPU
		{F259A79E-0C50-48B4-A752-4C400D738341}.Release|Any CPU.ActiveCfg = Release|Any CPU
		{F259A79E-0C50-48B4-A752-4C400D738341}.Release|Any CPU.Build.0 = Release|Any CPU
		{2AF3AACE-F759-45AE-BB34-8B29DF28A7FD}.Debug|Any CPU.ActiveCfg = Debug|Any CPU
		{2AF3AACE-F759-45AE-BB34-8B29DF28A7FD}.Debug|Any CPU.Build.0 = Debug|Any CPU
		{2AF3AACE-F759-45AE-BB34-8B29DF28A7FD}.Release|Any CPU.ActiveCfg = Release|Any CPU
		{2AF3AACE-F759-45AE-BB34-8B29DF28A7FD}.Release|Any CPU.Build.0 = Release|Any CPU
		{E7F7AD68-402A-46C6-9F3E-4B0179553626}.Debug|Any CPU.ActiveCfg = Debug|Any CPU
		{E7F7AD68-402A-46C6-9F3E-4B0179553626}.Debug|Any CPU.Build.0 = Debug|Any CPU
		{E7F7AD68-402A-46C6-9F3E-4B0179553626}.Release|Any CPU.ActiveCfg = Release|Any CPU
		{E7F7AD68-402A-46C6-9F3E-4B0179553626}.Release|Any CPU.Build.0 = Release|Any CPU
		{EB5446BF-6DD0-45F5-9FA0-40BCCE6BB650}.Debug|Any CPU.ActiveCfg = Debug|Any CPU
		{EB5446BF-6DD0-45F5-9FA0-40BCCE6BB650}.Debug|Any CPU.Build.0 = Debug|Any CPU
		{EB5446BF-6DD0-45F5-9FA0-40BCCE6BB650}.Release|Any CPU.ActiveCfg = Release|Any CPU
		{EB5446BF-6DD0-45F5-9FA0-40BCCE6BB650}.Release|Any CPU.Build.0 = Release|Any CPU
		{1956A774-410A-4698-8294-B433A715EF14}.Debug|Any CPU.ActiveCfg = Debug|Any CPU
		{1956A774-410A-4698-8294-B433A715EF14}.Debug|Any CPU.Build.0 = Debug|Any CPU
		{1956A774-410A-4698-8294-B433A715EF14}.Release|Any CPU.ActiveCfg = Release|Any CPU
		{1956A774-410A-4698-8294-B433A715EF14}.Release|Any CPU.Build.0 = Release|Any CPU
		{C6D92A8B-5C79-4FA2-8946-C369347963D2}.Debug|Any CPU.ActiveCfg = Debug|Any CPU
		{C6D92A8B-5C79-4FA2-8946-C369347963D2}.Debug|Any CPU.Build.0 = Debug|Any CPU
		{C6D92A8B-5C79-4FA2-8946-C369347963D2}.Release|Any CPU.ActiveCfg = Release|Any CPU
		{C6D92A8B-5C79-4FA2-8946-C369347963D2}.Release|Any CPU.Build.0 = Release|Any CPU
		{7463217F-AB9D-4A91-831A-C5651EBAB1B5}.Debug|Any CPU.ActiveCfg = Debug|Any CPU
		{7463217F-AB9D-4A91-831A-C5651EBAB1B5}.Debug|Any CPU.Build.0 = Debug|Any CPU
		{7463217F-AB9D-4A91-831A-C5651EBAB1B5}.Release|Any CPU.ActiveCfg = Release|Any CPU
		{7463217F-AB9D-4A91-831A-C5651EBAB1B5}.Release|Any CPU.Build.0 = Release|Any CPU
	EndGlobalSection
	GlobalSection(SolutionProperties) = preSolution
		HideSolutionNode = FALSE
	EndGlobalSection
	GlobalSection(NestedProjects) = preSolution
		{C5A799E8-01A5-490C-82A3-D37A93245DC2} = {68CB51AC-6C23-4DC8-8397-8835F7BFDC19}
		{BB0A25C7-7E12-4FAE-9B63-BF2F4C025194} = {68CB51AC-6C23-4DC8-8397-8835F7BFDC19}
		{FFAB487D-790C-4179-92F2-BF290530F039} = {90BAB0DE-9589-42FD-AD3E-E0473555FA27}
		{F259A79E-0C50-48B4-A752-4C400D738341} = {4E878192-CE71-4EBF-B733-479158D0C347}
		{2AF3AACE-F759-45AE-BB34-8B29DF28A7FD} = {4E878192-CE71-4EBF-B733-479158D0C347}
		{E7F7AD68-402A-46C6-9F3E-4B0179553626} = {5CD5967D-B6D2-459C-8B13-4FA8D971E9F1}
		{EB5446BF-6DD0-45F5-9FA0-40BCCE6BB650} = {5CD5967D-B6D2-459C-8B13-4FA8D971E9F1}
		{1956A774-410A-4698-8294-B433A715EF14} = {5CD5967D-B6D2-459C-8B13-4FA8D971E9F1}
		{C6D92A8B-5C79-4FA2-8946-C369347963D2} = {D47DFBE4-EFBC-4CA2-AAA9-CCCB4814A701}
		{7463217F-AB9D-4A91-831A-C5651EBAB1B5} = {D47DFBE4-EFBC-4CA2-AAA9-CCCB4814A701}
	EndGlobalSection
	GlobalSection(ExtensibilityGlobals) = postSolution
		SolutionGuid = {359F5FB1-8030-411D-9D31-6B55A0ABF3B7}
	EndGlobalSection
EndGlobal
